
Microsoft Visual Studio Solution File, Format Version 12.00
# Visual Studio Version 17
VisualStudioVersion = 17.10.35027.167
MinimumVisualStudioVersion = 10.0.40219.1
Project("{00D1A9C2-B5F0-4AF3-8072-F6C62B433612}") = "BankAccount.Database", "BankAccount.Database\BankAccount.Database.sqlproj", "{72191F08-DDEA-4B2E-BE38-BF3C20AB0D7F}"
EndProject
Project("{9A19103F-16F7-4668-BE54-9A1E7A4F7556}") = "BankAccount.WebAPI.DAL", "BankAccount.WebAPI.DAL\BankAccount.WebAPI.DAL.csproj", "{72B3DBCC-8443-450F-97A2-8DE67A170334}"
EndProject
Project("{2150E333-8FDC-42A3-9474-1A3956D46DE8}") = "2.WebAPI", "2.WebAPI", "{24EEB1CB-906D-4517-B7D2-E71378A25E2D}"
EndProject
Project("{2150E333-8FDC-42A3-9474-1A3956D46DE8}") = "1.Data", "1.Data", "{A41DF3A8-A128-48E5-89FE-464133B3E0DE}"
EndProject
Project("{2150E333-8FDC-42A3-9474-1A3956D46DE8}") = "Solution Items", "Solution Items", "{7840D924-048A-4D8E-AA82-54181D25D2CE}"
	ProjectSection(SolutionItems) = preProject
		AdditionalDALForMySQL.md = AdditionalDALForMySQL.md
		ReadMe.Md = ReadMe.Md
	EndProjectSection
EndProject
Project("{9A19103F-16F7-4668-BE54-9A1E7A4F7556}") = "BankAccount.WebApi.BL", "BankAccount.WebApi.BL\BankAccount.WebApi.BL.csproj", "{0A9D7048-3F1B-4BE8-AD9F-85CA7183ABEF}"
EndProject
Project("{9A19103F-16F7-4668-BE54-9A1E7A4F7556}") = "BankAccount.WebApi.gRPCService", "BankAccount.WebApi.gRPCService\BankAccount.WebApi.gRPCService.csproj", "{7001F21A-5526-496B-8A7F-8C7346300B49}"
EndProject
Project("{9A19103F-16F7-4668-BE54-9A1E7A4F7556}") = "BankAccount.WebApi.BL.UnitTest", "BankAccount.WebApi.BL.UnitTest\BankAccount.WebApi.BL.UnitTest.csproj", "{E8EBB70B-6315-41FA-B063-C95172D2082A}"
EndProject
Project("{2150E333-8FDC-42A3-9474-1A3956D46DE8}") = "3.Tests", "3.Tests", "{CD31730D-AA64-4F80-960E-E8291B9C9981}"
EndProject
Project("{9A19103F-16F7-4668-BE54-9A1E7A4F7556}") = "BankAccount.WebApi.gRPCService.Sdk", "BankAccount.WebApi.gRPCService.Sdk\BankAccount.WebApi.gRPCService.Sdk.csproj", "{A6A32CAD-5AC0-4F4E-BC49-BA31F0A9FC25}"
EndProject
Project("{9A19103F-16F7-4668-BE54-9A1E7A4F7556}") = "BankAccount.WebAPI.gRPCService.SmokeTest", "BankAccount.WebAPI.gRPCSservice.SmokeTest\BankAccount.WebAPI.gRPCService.SmokeTest.csproj", "{34E63718-4B08-4B24-974A-3E6FA0B8C2B3}"
EndProject
Project("{9A19103F-16F7-4668-BE54-9A1E7A4F7556}") = "BankAccount.WebApi.OpenAPI", "BankAccount.WebApi.OpenAPI\BankAccount.WebApi.OpenAPI.csproj", "{C6398D0C-9E08-41EB-ACDD-D0A835E61B64}"
EndProject
Project("{FAE04EC0-301F-11D3-BF4B-00C04F79EFBC}") = "BankAccount.WebApi.OpenAPI.Sdk", "BankAccount.WebApi.OpenAPI.Sdk\BankAccount.WebApi.OpenAPI.Sdk.csproj", "{272865C9-48B5-4D2A-8DD9-38CB0B93A083}"
EndProject
Project("{FAE04EC0-301F-11D3-BF4B-00C04F79EFBC}") = "BankAccount.WebApi.OpenAPI.SmokeTest", "BankAccount.WebApi.OpenAPI.SmokeTest\BankAccount.WebApi.OpenAPI.SmokeTest.csproj", "{5FA409EB-E233-4117-8574-57810FAC72B7}"
EndProject
Global
	GlobalSection(SolutionConfigurationPlatforms) = preSolution
		Debug|Any CPU = Debug|Any CPU
		Release|Any CPU = Release|Any CPU
	EndGlobalSection
	GlobalSection(ProjectConfigurationPlatforms) = postSolution
		{72191F08-DDEA-4B2E-BE38-BF3C20AB0D7F}.Debug|Any CPU.ActiveCfg = Debug|Any CPU
		{72191F08-DDEA-4B2E-BE38-BF3C20AB0D7F}.Debug|Any CPU.Deploy.0 = Debug|Any CPU
		{72191F08-DDEA-4B2E-BE38-BF3C20AB0D7F}.Release|Any CPU.ActiveCfg = Release|Any CPU
		{72191F08-DDEA-4B2E-BE38-BF3C20AB0D7F}.Release|Any CPU.Build.0 = Release|Any CPU
		{72191F08-DDEA-4B2E-BE38-BF3C20AB0D7F}.Release|Any CPU.Deploy.0 = Release|Any CPU
		{72B3DBCC-8443-450F-97A2-8DE67A170334}.Debug|Any CPU.ActiveCfg = Debug|Any CPU
		{72B3DBCC-8443-450F-97A2-8DE67A170334}.Debug|Any CPU.Build.0 = Debug|Any CPU
		{72B3DBCC-8443-450F-97A2-8DE67A170334}.Release|Any CPU.ActiveCfg = Release|Any CPU
		{72B3DBCC-8443-450F-97A2-8DE67A170334}.Release|Any CPU.Build.0 = Release|Any CPU
		{0A9D7048-3F1B-4BE8-AD9F-85CA7183ABEF}.Debug|Any CPU.ActiveCfg = Debug|Any CPU
		{0A9D7048-3F1B-4BE8-AD9F-85CA7183ABEF}.Debug|Any CPU.Build.0 = Debug|Any CPU
		{0A9D7048-3F1B-4BE8-AD9F-85CA7183ABEF}.Release|Any CPU.ActiveCfg = Release|Any CPU
		{0A9D7048-3F1B-4BE8-AD9F-85CA7183ABEF}.Release|Any CPU.Build.0 = Release|Any CPU
		{7001F21A-5526-496B-8A7F-8C7346300B49}.Debug|Any CPU.ActiveCfg = Debug|Any CPU
		{7001F21A-5526-496B-8A7F-8C7346300B49}.Debug|Any CPU.Build.0 = Debug|Any CPU
		{7001F21A-5526-496B-8A7F-8C7346300B49}.Release|Any CPU.ActiveCfg = Release|Any CPU
		{7001F21A-5526-496B-8A7F-8C7346300B49}.Release|Any CPU.Build.0 = Release|Any CPU
		{E8EBB70B-6315-41FA-B063-C95172D2082A}.Debug|Any CPU.ActiveCfg = Debug|Any CPU
		{E8EBB70B-6315-41FA-B063-C95172D2082A}.Debug|Any CPU.Build.0 = Debug|Any CPU
		{E8EBB70B-6315-41FA-B063-C95172D2082A}.Release|Any CPU.ActiveCfg = Release|Any CPU
		{E8EBB70B-6315-41FA-B063-C95172D2082A}.Release|Any CPU.Build.0 = Release|Any CPU
		{A6A32CAD-5AC0-4F4E-BC49-BA31F0A9FC25}.Debug|Any CPU.ActiveCfg = Debug|Any CPU
		{A6A32CAD-5AC0-4F4E-BC49-BA31F0A9FC25}.Debug|Any CPU.Build.0 = Debug|Any CPU
		{A6A32CAD-5AC0-4F4E-BC49-BA31F0A9FC25}.Release|Any CPU.ActiveCfg = Release|Any CPU
		{A6A32CAD-5AC0-4F4E-BC49-BA31F0A9FC25}.Release|Any CPU.Build.0 = Release|Any CPU
		{34E63718-4B08-4B24-974A-3E6FA0B8C2B3}.Debug|Any CPU.ActiveCfg = Debug|Any CPU
		{34E63718-4B08-4B24-974A-3E6FA0B8C2B3}.Debug|Any CPU.Build.0 = Debug|Any CPU
		{34E63718-4B08-4B24-974A-3E6FA0B8C2B3}.Release|Any CPU.ActiveCfg = Release|Any CPU
		{34E63718-4B08-4B24-974A-3E6FA0B8C2B3}.Release|Any CPU.Build.0 = Release|Any CPU
		{C6398D0C-9E08-41EB-ACDD-D0A835E61B64}.Debug|Any CPU.ActiveCfg = Debug|Any CPU
		{C6398D0C-9E08-41EB-ACDD-D0A835E61B64}.Debug|Any CPU.Build.0 = Debug|Any CPU
		{C6398D0C-9E08-41EB-ACDD-D0A835E61B64}.Release|Any CPU.ActiveCfg = Release|Any CPU
		{C6398D0C-9E08-41EB-ACDD-D0A835E61B64}.Release|Any CPU.Build.0 = Release|Any CPU
		{272865C9-48B5-4D2A-8DD9-38CB0B93A083}.Debug|Any CPU.ActiveCfg = Debug|Any CPU
		{272865C9-48B5-4D2A-8DD9-38CB0B93A083}.Debug|Any CPU.Build.0 = Debug|Any CPU
		{272865C9-48B5-4D2A-8DD9-38CB0B93A083}.Release|Any CPU.ActiveCfg = Release|Any CPU
		{272865C9-48B5-4D2A-8DD9-38CB0B93A083}.Release|Any CPU.Build.0 = Release|Any CPU
		{5FA409EB-E233-4117-8574-57810FAC72B7}.Debug|Any CPU.ActiveCfg = Debug|Any CPU
		{5FA409EB-E233-4117-8574-57810FAC72B7}.Debug|Any CPU.Build.0 = Debug|Any CPU
		{5FA409EB-E233-4117-8574-57810FAC72B7}.Release|Any CPU.ActiveCfg = Release|Any CPU
		{5FA409EB-E233-4117-8574-57810FAC72B7}.Release|Any CPU.Build.0 = Release|Any CPU
	EndGlobalSection
	GlobalSection(SolutionProperties) = preSolution
		HideSolutionNode = FALSE
	EndGlobalSection
	GlobalSection(NestedProjects) = preSolution
		{72191F08-DDEA-4B2E-BE38-BF3C20AB0D7F} = {A41DF3A8-A128-48E5-89FE-464133B3E0DE}
		{72B3DBCC-8443-450F-97A2-8DE67A170334} = {24EEB1CB-906D-4517-B7D2-E71378A25E2D}
		{0A9D7048-3F1B-4BE8-AD9F-85CA7183ABEF} = {24EEB1CB-906D-4517-B7D2-E71378A25E2D}
		{7001F21A-5526-496B-8A7F-8C7346300B49} = {24EEB1CB-906D-4517-B7D2-E71378A25E2D}
		{E8EBB70B-6315-41FA-B063-C95172D2082A} = {CD31730D-AA64-4F80-960E-E8291B9C9981}
		{34E63718-4B08-4B24-974A-3E6FA0B8C2B3} = {CD31730D-AA64-4F80-960E-E8291B9C9981}
		{C6398D0C-9E08-41EB-ACDD-D0A835E61B64} = {24EEB1CB-906D-4517-B7D2-E71378A25E2D}
	EndGlobalSection
	GlobalSection(ExtensibilityGlobals) = postSolution
		SolutionGuid = {EE928B6B-0136-4BBE-8971-A05858561EEE}
	EndGlobalSection
EndGlobal
